// !$*UTF8*$!
{
	archiveVersion = 1;
	classes = {
	};
	objectVersion = 50;
	objects = {

/* Begin PBXBuildFile section */
		7962457E276DD09200AB9653 /* BadgeTableViewCell.swift in Sources */ = {isa = PBXBuildFile; fileRef = 7962457D276DD09200AB9653 /* BadgeTableViewCell.swift */; };
		796D0C5B2763B99F00712C13 /* ProfileTableViewCell.swift in Sources */ = {isa = PBXBuildFile; fileRef = 796D0C5A2763B99F00712C13 /* ProfileTableViewCell.swift */; };
		796D0C5D2763BA4400712C13 /* DefaultTableViewCell.swift in Sources */ = {isa = PBXBuildFile; fileRef = 796D0C5C2763BA4400712C13 /* DefaultTableViewCell.swift */; };
		796D0C5F2763BA5800712C13 /* SwitchTableViewCell.swift in Sources */ = {isa = PBXBuildFile; fileRef = 796D0C5E2763BA5800712C13 /* SwitchTableViewCell.swift */; };
		797E865D276D30C200C16990 /* SettingsChildController.swift in Sources */ = {isa = PBXBuildFile; fileRef = 797E865C276D30C200C16990 /* SettingsChildController.swift */; };
		79889B8A27A5488100D0DDD8 /* SettingsView.swift in Sources */ = {isa = PBXBuildFile; fileRef = 79889B8927A5488100D0DDD8 /* SettingsView.swift */; };
		79889B8C27A5492700D0DDD8 /* SettingsChildView.swift in Sources */ = {isa = PBXBuildFile; fileRef = 79889B8B27A5492700D0DDD8 /* SettingsChildView.swift */; };
		798CADFD27626A6A00DFC96E /* AppDelegate.swift in Sources */ = {isa = PBXBuildFile; fileRef = 798CADFC27626A6A00DFC96E /* AppDelegate.swift */; };
		798CAE0627626A6D00DFC96E /* Assets.xcassets in Resources */ = {isa = PBXBuildFile; fileRef = 798CAE0527626A6D00DFC96E /* Assets.xcassets */; };
		798CAE0927626A6D00DFC96E /* LaunchScreen.storyboard in Resources */ = {isa = PBXBuildFile; fileRef = 798CAE0727626A6D00DFC96E /* LaunchScreen.storyboard */; };
		798CAE112762860900DFC96E /* SettingsController.swift in Sources */ = {isa = PBXBuildFile; fileRef = 798CAE102762860900DFC96E /* SettingsController.swift */; };
		798CAE142762901800DFC96E /* UIColor+Ext.swift in Sources */ = {isa = PBXBuildFile; fileRef = 798CAE132762901800DFC96E /* UIColor+Ext.swift */; };
		798CAE162762924100DFC96E /* UIView+Ext.swift in Sources */ = {isa = PBXBuildFile; fileRef = 798CAE152762924100DFC96E /* UIView+Ext.swift */; };
		798CAE182762A31800DFC96E /* SettingsModel.swift in Sources */ = {isa = PBXBuildFile; fileRef = 798CAE172762A31800DFC96E /* SettingsModel.swift */; };
		799A127227A6A2F00000511F /* Settings.swift in Sources */ = {isa = PBXBuildFile; fileRef = 799A127127A6A2F00000511F /* Settings.swift */; };
/* End PBXBuildFile section */

/* Begin PBXFileReference section */
		7962457D276DD09200AB9653 /* BadgeTableViewCell.swift */ = {isa = PBXFileReference; lastKnownFileType = sourcecode.swift; path = BadgeTableViewCell.swift; sourceTree = "<group>"; };
		796D0C5A2763B99F00712C13 /* ProfileTableViewCell.swift */ = {isa = PBXFileReference; lastKnownFileType = sourcecode.swift; path = ProfileTableViewCell.swift; sourceTree = "<group>"; };
		796D0C5C2763BA4400712C13 /* DefaultTableViewCell.swift */ = {isa = PBXFileReference; lastKnownFileType = sourcecode.swift; path = DefaultTableViewCell.swift; sourceTree = "<group>"; };
		796D0C5E2763BA5800712C13 /* SwitchTableViewCell.swift */ = {isa = PBXFileReference; lastKnownFileType = sourcecode.swift; path = SwitchTableViewCell.swift; sourceTree = "<group>"; };
		797E865C276D30C200C16990 /* SettingsChildController.swift */ = {isa = PBXFileReference; lastKnownFileType = sourcecode.swift; path = SettingsChildController.swift; sourceTree = "<group>"; };
		79889B8927A5488100D0DDD8 /* SettingsView.swift */ = {isa = PBXFileReference; lastKnownFileType = sourcecode.swift; path = SettingsView.swift; sourceTree = "<group>"; };
		79889B8B27A5492700D0DDD8 /* SettingsChildView.swift */ = {isa = PBXFileReference; lastKnownFileType = sourcecode.swift; path = SettingsChildView.swift; sourceTree = "<group>"; };
		798CADF927626A6A00DFC96E /* IOS4_HW12_MIKHAIL_BAGMET.app */ = {isa = PBXFileReference; explicitFileType = wrapper.application; includeInIndex = 0; path = IOS4_HW12_MIKHAIL_BAGMET.app; sourceTree = BUILT_PRODUCTS_DIR; };
		798CADFC27626A6A00DFC96E /* AppDelegate.swift */ = {isa = PBXFileReference; lastKnownFileType = sourcecode.swift; path = AppDelegate.swift; sourceTree = "<group>"; };
		798CAE0527626A6D00DFC96E /* Assets.xcassets */ = {isa = PBXFileReference; lastKnownFileType = folder.assetcatalog; path = Assets.xcassets; sourceTree = "<group>"; };
		798CAE0827626A6D00DFC96E /* Base */ = {isa = PBXFileReference; lastKnownFileType = file.storyboard; name = Base; path = Base.lproj/LaunchScreen.storyboard; sourceTree = "<group>"; };
		798CAE0A27626A6D00DFC96E /* Info.plist */ = {isa = PBXFileReference; lastKnownFileType = text.plist.xml; path = Info.plist; sourceTree = "<group>"; };
		798CAE102762860900DFC96E /* SettingsController.swift */ = {isa = PBXFileReference; lastKnownFileType = sourcecode.swift; path = SettingsController.swift; sourceTree = "<group>"; };
		798CAE132762901800DFC96E /* UIColor+Ext.swift */ = {isa = PBXFileReference; lastKnownFileType = sourcecode.swift; path = "UIColor+Ext.swift"; sourceTree = "<group>"; };
		798CAE152762924100DFC96E /* UIView+Ext.swift */ = {isa = PBXFileReference; lastKnownFileType = sourcecode.swift; path = "UIView+Ext.swift"; sourceTree = "<group>"; };
		798CAE172762A31800DFC96E /* SettingsModel.swift */ = {isa = PBXFileReference; lastKnownFileType = sourcecode.swift; path = SettingsModel.swift; sourceTree = "<group>"; };
		799A127127A6A2F00000511F /* Settings.swift */ = {isa = PBXFileReference; lastKnownFileType = sourcecode.swift; path = Settings.swift; sourceTree = "<group>"; };
/* End PBXFileReference section */

/* Begin PBXFrameworksBuildPhase section */
		798CADF627626A6A00DFC96E /* Frameworks */ = {
			isa = PBXFrameworksBuildPhase;
			buildActionMask = 2147483647;
			files = (
			);
			runOnlyForDeploymentPostprocessing = 0;
		};
/* End PBXFrameworksBuildPhase section */

/* Begin PBXGroup section */
		796D0C592763B93A00712C13 /* TableViewCells */ = {
			isa = PBXGroup;
			children = (
				796D0C5A2763B99F00712C13 /* ProfileTableViewCell.swift */,
				796D0C5C2763BA4400712C13 /* DefaultTableViewCell.swift */,
				796D0C5E2763BA5800712C13 /* SwitchTableViewCell.swift */,
				7962457D276DD09200AB9653 /* BadgeTableViewCell.swift */,
			);
			path = TableViewCells;
			sourceTree = "<group>";
		};
		79889B8427A5455200D0DDD8 /* Scenes */ = {
			isa = PBXGroup;
			children = (
				79926BBC2771392E00EAC822 /* Settings */,
			);
			path = Scenes;
			sourceTree = "<group>";
		};
		79889B8627A5475600D0DDD8 /* Model */ = {
			isa = PBXGroup;
			children = (
				799A127127A6A2F00000511F /* Settings.swift */,
				798CAE172762A31800DFC96E /* SettingsModel.swift */,
			);
			path = Model;
			sourceTree = "<group>";
		};
		79889B8727A5475D00D0DDD8 /* View */ = {
			isa = PBXGroup;
			children = (
				79889B8927A5488100D0DDD8 /* SettingsView.swift */,
				796D0C592763B93A00712C13 /* TableViewCells */,
				79889B8B27A5492700D0DDD8 /* SettingsChildView.swift */,
			);
			path = View;
			sourceTree = "<group>";
		};
		79889B8827A5476500D0DDD8 /* Controller */ = {
			isa = PBXGroup;
			children = (
				798CAE102762860900DFC96E /* SettingsController.swift */,
				797E865C276D30C200C16990 /* SettingsChildController.swift */,
			);
			path = Controller;
			sourceTree = "<group>";
		};
		798CADF027626A6A00DFC96E = {
			isa = PBXGroup;
			children = (
				798CADFB27626A6A00DFC96E /* IOS4_HW12_MIKHAIL_BAGMET */,
				798CADFA27626A6A00DFC96E /* Products */,
			);
			sourceTree = "<group>";
		};
		798CADFA27626A6A00DFC96E /* Products */ = {
			isa = PBXGroup;
			children = (
				798CADF927626A6A00DFC96E /* IOS4_HW12_MIKHAIL_BAGMET.app */,
			);
			name = Products;
			sourceTree = "<group>";
		};
		798CADFB27626A6A00DFC96E /* IOS4_HW12_MIKHAIL_BAGMET */ = {
			isa = PBXGroup;
			children = (
				79926BBA277138F400EAC822 /* Sources */,
				79926BB72771387000EAC822 /* Resources */,
			);
			path = IOS4_HW12_MIKHAIL_BAGMET;
			sourceTree = "<group>";
		};
		798CAE1227628F8A00DFC96E /* Extensions */ = {
			isa = PBXGroup;
			children = (
				798CAE132762901800DFC96E /* UIColor+Ext.swift */,
				798CAE152762924100DFC96E /* UIView+Ext.swift */,
			);
			path = Extensions;
			sourceTree = "<group>";
		};
		79926BB72771387000EAC822 /* Resources */ = {
			isa = PBXGroup;
			children = (
				79926BB8277138B100EAC822 /* Storyboards */,
				798CAE0527626A6D00DFC96E /* Assets.xcassets */,
				798CAE0A27626A6D00DFC96E /* Info.plist */,
			);
			path = Resources;
			sourceTree = "<group>";
		};
		79926BB8277138B100EAC822 /* Storyboards */ = {
			isa = PBXGroup;
			children = (
				798CAE0727626A6D00DFC96E /* LaunchScreen.storyboard */,
			);
			path = Storyboards;
			sourceTree = "<group>";
		};
		79926BBA277138F400EAC822 /* Sources */ = {
			isa = PBXGroup;
			children = (
				79926BBB2771390100EAC822 /* App */,
				79889B8427A5455200D0DDD8 /* Scenes */,
				798CAE1227628F8A00DFC96E /* Extensions */,
			);
			path = Sources;
			sourceTree = "<group>";
		};
		79926BBB2771390100EAC822 /* App */ = {
			isa = PBXGroup;
			children = (
				798CADFC27626A6A00DFC96E /* AppDelegate.swift */,
			);
			path = App;
			sourceTree = "<group>";
		};
		79926BBC2771392E00EAC822 /* Settings */ = {
			isa = PBXGroup;
			children = (
				79889B8827A5476500D0DDD8 /* Controller */,
				79889B8727A5475D00D0DDD8 /* View */,
				79889B8627A5475600D0DDD8 /* Model */,
			);
			path = Settings;
			sourceTree = "<group>";
		};
/* End PBXGroup section */

/* Begin PBXNativeTarget section */
		798CADF827626A6A00DFC96E /* IOS4_HW12_MIKHAIL_BAGMET */ = {
			isa = PBXNativeTarget;
			buildConfigurationList = 798CAE0D27626A6D00DFC96E /* Build configuration list for PBXNativeTarget "IOS4_HW12_MIKHAIL_BAGMET" */;
			buildPhases = (
				798CADF527626A6A00DFC96E /* Sources */,
				798CADF627626A6A00DFC96E /* Frameworks */,
				798CADF727626A6A00DFC96E /* Resources */,
			);
			buildRules = (
			);
			dependencies = (
			);
			name = IOS4_HW12_MIKHAIL_BAGMET;
			productName = IOS4_HW12_MIKHAIL_BAGMET;
			productReference = 798CADF927626A6A00DFC96E /* IOS4_HW12_MIKHAIL_BAGMET.app */;
			productType = "com.apple.product-type.application";
		};
/* End PBXNativeTarget section */

/* Begin PBXProject section */
		798CADF127626A6A00DFC96E /* Project object */ = {
			isa = PBXProject;
			attributes = {
				LastSwiftUpdateCheck = 1250;
				LastUpgradeCheck = 1250;
				TargetAttributes = {
					798CADF827626A6A00DFC96E = {
						CreatedOnToolsVersion = 12.5.1;
					};
				};
			};
			buildConfigurationList = 798CADF427626A6A00DFC96E /* Build configuration list for PBXProject "IOS4_HW12_MIKHAIL_BAGMET" */;
			compatibilityVersion = "Xcode 9.3";
			developmentRegion = en;
			hasScannedForEncodings = 0;
			knownRegions = (
				en,
				Base,
			);
			mainGroup = 798CADF027626A6A00DFC96E;
			productRefGroup = 798CADFA27626A6A00DFC96E /* Products */;
			projectDirPath = "";
			projectRoot = "";
			targets = (
				798CADF827626A6A00DFC96E /* IOS4_HW12_MIKHAIL_BAGMET */,
			);
		};
/* End PBXProject section */

/* Begin PBXResourcesBuildPhase section */
		798CADF727626A6A00DFC96E /* Resources */ = {
			isa = PBXResourcesBuildPhase;
			buildActionMask = 2147483647;
			files = (
				798CAE0927626A6D00DFC96E /* LaunchScreen.storyboard in Resources */,
				798CAE0627626A6D00DFC96E /* Assets.xcassets in Resources */,
			);
			runOnlyForDeploymentPostprocessing = 0;
		};
/* End PBXResourcesBuildPhase section */

/* Begin PBXSourcesBuildPhase section */
		798CADF527626A6A00DFC96E /* Sources */ = {
			isa = PBXSourcesBuildPhase;
			buildActionMask = 2147483647;
			files = (
				798CAE142762901800DFC96E /* UIColor+Ext.swift in Sources */,
				796D0C5F2763BA5800712C13 /* SwitchTableViewCell.swift in Sources */,
				799A127227A6A2F00000511F /* Settings.swift in Sources */,
				798CAE162762924100DFC96E /* UIView+Ext.swift in Sources */,
				798CAE182762A31800DFC96E /* SettingsModel.swift in Sources */,
				796D0C5B2763B99F00712C13 /* ProfileTableViewCell.swift in Sources */,
				7962457E276DD09200AB9653 /* BadgeTableViewCell.swift in Sources */,
				79889B8C27A5492700D0DDD8 /* SettingsChildView.swift in Sources */,
				797E865D276D30C200C16990 /* SettingsChildController.swift in Sources */,
				798CADFD27626A6A00DFC96E /* AppDelegate.swift in Sources */,
				798CAE112762860900DFC96E /* SettingsController.swift in Sources */,
				796D0C5D2763BA4400712C13 /* DefaultTableViewCell.swift in Sources */,
				79889B8A27A5488100D0DDD8 /* SettingsView.swift in Sources */,
			);
			runOnlyForDeploymentPostprocessing = 0;
		};
/* End PBXSourcesBuildPhase section */

/* Begin PBXVariantGroup section */
		798CAE0727626A6D00DFC96E /* LaunchScreen.storyboard */ = {
			isa = PBXVariantGroup;
			children = (
				798CAE0827626A6D00DFC96E /* Base */,
			);
			name = LaunchScreen.storyboard;
			sourceTree = "<group>";
		};
/* End PBXVariantGroup section */

/* Begin XCBuildConfiguration section */
		798CAE0B27626A6D00DFC96E /* Debug */ = {
			isa = XCBuildConfiguration;
			buildSettings = {
				ALWAYS_SEARCH_USER_PATHS = NO;
				CLANG_ANALYZER_NONNULL = YES;
				CLANG_ANALYZER_NUMBER_OBJECT_CONVERSION = YES_AGGRESSIVE;
				CLANG_CXX_LANGUAGE_STANDARD = "gnu++14";
				CLANG_CXX_LIBRARY = "libc++";
				CLANG_ENABLE_MODULES = YES;
				CLANG_ENABLE_OBJC_ARC = YES;
				CLANG_ENABLE_OBJC_WEAK = YES;
				CLANG_WARN_BLOCK_CAPTURE_AUTORELEASING = YES;
				CLANG_WARN_BOOL_CONVERSION = YES;
				CLANG_WARN_COMMA = YES;
				CLANG_WARN_CONSTANT_CONVERSION = YES;
				CLANG_WARN_DEPRECATED_OBJC_IMPLEMENTATIONS = YES;
				CLANG_WARN_DIRECT_OBJC_ISA_USAGE = YES_ERROR;
				CLANG_WARN_DOCUMENTATION_COMMENTS = YES;
				CLANG_WARN_EMPTY_BODY = YES;
				CLANG_WARN_ENUM_CONVERSION = YES;
				CLANG_WARN_INFINITE_RECURSION = YES;
				CLANG_WARN_INT_CONVERSION = YES;
				CLANG_WARN_NON_LITERAL_NULL_CONVERSION = YES;
				CLANG_WARN_OBJC_IMPLICIT_RETAIN_SELF = YES;
				CLANG_WARN_OBJC_LITERAL_CONVERSION = YES;
				CLANG_WARN_OBJC_ROOT_CLASS = YES_ERROR;
				CLANG_WARN_QUOTED_INCLUDE_IN_FRAMEWORK_HEADER = YES;
				CLANG_WARN_RANGE_LOOP_ANALYSIS = YES;
				CLANG_WARN_STRICT_PROTOTYPES = YES;
				CLANG_WARN_SUSPICIOUS_MOVE = YES;
				CLANG_WARN_UNGUARDED_AVAILABILITY = YES_AGGRESSIVE;
				CLANG_WARN_UNREACHABLE_CODE = YES;
				CLANG_WARN__DUPLICATE_METHOD_MATCH = YES;
				COPY_PHASE_STRIP = NO;
				DEBUG_INFORMATION_FORMAT = dwarf;
				ENABLE_STRICT_OBJC_MSGSEND = YES;
				ENABLE_TESTABILITY = YES;
				GCC_C_LANGUAGE_STANDARD = gnu11;
				GCC_DYNAMIC_NO_PIC = NO;
				GCC_NO_COMMON_BLOCKS = YES;
				GCC_OPTIMIZATION_LEVEL = 0;
				GCC_PREPROCESSOR_DEFINITIONS = (
					"DEBUG=1",
					"$(inherited)",
				);
				GCC_WARN_64_TO_32_BIT_CONVERSION = YES;
				GCC_WARN_ABOUT_RETURN_TYPE = YES_ERROR;
				GCC_WARN_UNDECLARED_SELECTOR = YES;
				GCC_WARN_UNINITIALIZED_AUTOS = YES_AGGRESSIVE;
				GCC_WARN_UNUSED_FUNCTION = YES;
				GCC_WARN_UNUSED_VARIABLE = YES;
				IPHONEOS_DEPLOYMENT_TARGET = 14.5;
				MTL_ENABLE_DEBUG_INFO = INCLUDE_SOURCE;
				MTL_FAST_MATH = YES;
				ONLY_ACTIVE_ARCH = YES;
				SDKROOT = iphoneos;
				SWIFT_ACTIVE_COMPILATION_CONDITIONS = DEBUG;
				SWIFT_OPTIMIZATION_LEVEL = "-Onone";
			};
			name = Debug;
		};
		798CAE0C27626A6D00DFC96E /* Release */ = {
			isa = XCBuildConfiguration;
			buildSettings = {
				ALWAYS_SEARCH_USER_PATHS = NO;
				CLANG_ANALYZER_NONNULL = YES;
				CLANG_ANALYZER_NUMBER_OBJECT_CONVERSION = YES_AGGRESSIVE;
				CLANG_CXX_LANGUAGE_STANDARD = "gnu++14";
				CLANG_CXX_LIBRARY = "libc++";
				CLANG_ENABLE_MODULES = YES;
				CLANG_ENABLE_OBJC_ARC = YES;
				CLANG_ENABLE_OBJC_WEAK = YES;
				CLANG_WARN_BLOCK_CAPTURE_AUTORELEASING = YES;
				CLANG_WARN_BOOL_CONVERSION = YES;
				CLANG_WARN_COMMA = YES;
				CLANG_WARN_CONSTANT_CONVERSION = YES;
				CLANG_WARN_DEPRECATED_OBJC_IMPLEMENTATIONS = YES;
				CLANG_WARN_DIRECT_OBJC_ISA_USAGE = YES_ERROR;
				CLANG_WARN_DOCUMENTATION_COMMENTS = YES;
				CLANG_WARN_EMPTY_BODY = YES;
				CLANG_WARN_ENUM_CONVERSION = YES;
				CLANG_WARN_INFINITE_RECURSION = YES;
				CLANG_WARN_INT_CONVERSION = YES;
				CLANG_WARN_NON_LITERAL_NULL_CONVERSION = YES;
				CLANG_WARN_OBJC_IMPLICIT_RETAIN_SELF = YES;
				CLANG_WARN_OBJC_LITERAL_CONVERSION = YES;
				CLANG_WARN_OBJC_ROOT_CLASS = YES_ERROR;
				CLANG_WARN_QUOTED_INCLUDE_IN_FRAMEWORK_HEADER = YES;
				CLANG_WARN_RANGE_LOOP_ANALYSIS = YES;
				CLANG_WARN_STRICT_PROTOTYPES = YES;
				CLANG_WARN_SUSPICIOUS_MOVE = YES;
				CLANG_WARN_UNGUARDED_AVAILABILITY = YES_AGGRESSIVE;
				CLANG_WARN_UNREACHABLE_CODE = YES;
				CLANG_WARN__DUPLICATE_METHOD_MATCH = YES;
				COPY_PHASE_STRIP = NO;
				DEBUG_INFORMATION_FORMAT = "dwarf-with-dsym";
				ENABLE_NS_ASSERTIONS = NO;
				ENABLE_STRICT_OBJC_MSGSEND = YES;
				GCC_C_LANGUAGE_STANDARD = gnu11;
				GCC_NO_COMMON_BLOCKS = YES;
				GCC_WARN_64_TO_32_BIT_CONVERSION = YES;
				GCC_WARN_ABOUT_RETURN_TYPE = YES_ERROR;
				GCC_WARN_UNDECLARED_SELECTOR = YES;
				GCC_WARN_UNINITIALIZED_AUTOS = YES_AGGRESSIVE;
				GCC_WARN_UNUSED_FUNCTION = YES;
				GCC_WARN_UNUSED_VARIABLE = YES;
				IPHONEOS_DEPLOYMENT_TARGET = 14.5;
				MTL_ENABLE_DEBUG_INFO = NO;
				MTL_FAST_MATH = YES;
				SDKROOT = iphoneos;
				SWIFT_COMPILATION_MODE = wholemodule;
				SWIFT_OPTIMIZATION_LEVEL = "-O";
				VALIDATE_PRODUCT = YES;
			};
			name = Release;
		};
		798CAE0E27626A6D00DFC96E /* Debug */ = {
			isa = XCBuildConfiguration;
			buildSettings = {
				ASSETCATALOG_COMPILER_APPICON_NAME = AppIcon;
				ASSETCATALOG_COMPILER_GLOBAL_ACCENT_COLOR_NAME = AccentColor;
				CODE_SIGN_STYLE = Automatic;
				DEVELOPMENT_TEAM = XK82N983EZ;
				INFOPLIST_FILE = IOS4_HW12_MIKHAIL_BAGMET/Resources/Info.plist;
				LD_RUNPATH_SEARCH_PATHS = (
					"$(inherited)",
					"@executable_path/Frameworks",
				);
				PRODUCT_BUNDLE_IDENTIFIER = "bm.IOS4-HW12-MIKHAIL-BAGMET";
				PRODUCT_NAME = "$(TARGET_NAME)";
				SWIFT_VERSION = 5.0;
				TARGETED_DEVICE_FAMILY = "1,2";
			};
			name = Debug;
		};
		798CAE0F27626A6D00DFC96E /* Release */ = {
			isa = XCBuildConfiguration;
			buildSettings = {
				ASSETCATALOG_COMPILER_APPICON_NAME = AppIcon;
				ASSETCATALOG_COMPILER_GLOBAL_ACCENT_COLOR_NAME = AccentColor;
				CODE_SIGN_STYLE = Automatic;
				DEVELOPMENT_TEAM = XK82N983EZ;
				INFOPLIST_FILE = IOS4_HW12_MIKHAIL_BAGMET/Resources/Info.plist;
				LD_RUNPATH_SEARCH_PATHS = (
					"$(inherited)",
					"@executable_path/Frameworks",
				);
				PRODUCT_BUNDLE_IDENTIFIER = "bm.IOS4-HW12-MIKHAIL-BAGMET";
				PRODUCT_NAME = "$(TARGET_NAME)";
				SWIFT_VERSION = 5.0;
				TARGETED_DEVICE_FAMILY = "1,2";
			};
			name = Release;
		};
/* End XCBuildConfiguration section */

/* Begin XCConfigurationList section */
		798CADF427626A6A00DFC96E /* Build configuration list for PBXProject "IOS4_HW12_MIKHAIL_BAGMET" */ = {
			isa = XCConfigurationList;
			buildConfigurations = (
				798CAE0B27626A6D00DFC96E /* Debug */,
				798CAE0C27626A6D00DFC96E /* Release */,
			);
			defaultConfigurationIsVisible = 0;
			defaultConfigurationName = Release;
		};
		798CAE0D27626A6D00DFC96E /* Build configuration list for PBXNativeTarget "IOS4_HW12_MIKHAIL_BAGMET" */ = {
			isa = XCConfigurationList;
			buildConfigurations = (
				798CAE0E27626A6D00DFC96E /* Debug */,
				798CAE0F27626A6D00DFC96E /* Release */,
			);
			defaultConfigurationIsVisible = 0;
			defaultConfigurationName = Release;
		};
/* End XCConfigurationList section */
	};
	rootObject = 798CADF127626A6A00DFC96E /* Project object */;
}
